// !$*UTF8*$!
{
	archiveVersion = 1;
	classes = {
	};
	objectVersion = 56;
	objects = {

/* Begin PBXBuildFile section */
		242B38CE29C2F1A600ED3736 /* AppDelegate.swift in Sources */ = {isa = PBXBuildFile; fileRef = 242B38CD29C2F1A600ED3736 /* AppDelegate.swift */; };
		242B38D029C2F1A600ED3736 /* SceneDelegate.swift in Sources */ = {isa = PBXBuildFile; fileRef = 242B38CF29C2F1A600ED3736 /* SceneDelegate.swift */; };
		242B38D229C2F1A600ED3736 /* MainViewController.swift in Sources */ = {isa = PBXBuildFile; fileRef = 242B38D129C2F1A600ED3736 /* MainViewController.swift */; };
		242B38D729C2F1A700ED3736 /* Assets.xcassets in Resources */ = {isa = PBXBuildFile; fileRef = 242B38D629C2F1A700ED3736 /* Assets.xcassets */; };
		242B38DA29C2F1A700ED3736 /* LaunchScreen.storyboard in Resources */ = {isa = PBXBuildFile; fileRef = 242B38D829C2F1A700ED3736 /* LaunchScreen.storyboard */; };
		242B38E729C2F43300ED3736 /* CoinManager.swift in Sources */ = {isa = PBXBuildFile; fileRef = 242B38E629C2F43300ED3736 /* CoinManager.swift */; };
		242B38E929C2F4D700ED3736 /* CoinView.swift in Sources */ = {isa = PBXBuildFile; fileRef = 242B38E829C2F4D700ED3736 /* CoinView.swift */; };
		242B38EC29C2FFC600ED3736 /* UIStackView + Extensions.swift in Sources */ = {isa = PBXBuildFile; fileRef = 242B38EB29C2FFC600ED3736 /* UIStackView + Extensions.swift */; };
/* End PBXBuildFile section */

/* Begin PBXFileReference section */
		242B38CA29C2F1A600ED3736 /* CryptoConvector.app */ = {isa = PBXFileReference; explicitFileType = wrapper.application; includeInIndex = 0; path = CryptoConvector.app; sourceTree = BUILT_PRODUCTS_DIR; };
		242B38CD29C2F1A600ED3736 /* AppDelegate.swift */ = {isa = PBXFileReference; lastKnownFileType = sourcecode.swift; path = AppDelegate.swift; sourceTree = "<group>"; };
		242B38CF29C2F1A600ED3736 /* SceneDelegate.swift */ = {isa = PBXFileReference; lastKnownFileType = sourcecode.swift; path = SceneDelegate.swift; sourceTree = "<group>"; };
		242B38D129C2F1A600ED3736 /* MainViewController.swift */ = {isa = PBXFileReference; lastKnownFileType = sourcecode.swift; path = MainViewController.swift; sourceTree = "<group>"; };
		242B38D629C2F1A700ED3736 /* Assets.xcassets */ = {isa = PBXFileReference; lastKnownFileType = folder.assetcatalog; path = Assets.xcassets; sourceTree = "<group>"; };
		242B38D929C2F1A700ED3736 /* Base */ = {isa = PBXFileReference; lastKnownFileType = file.storyboard; name = Base; path = Base.lproj/LaunchScreen.storyboard; sourceTree = "<group>"; };
		242B38DB29C2F1A700ED3736 /* Info.plist */ = {isa = PBXFileReference; lastKnownFileType = text.plist.xml; path = Info.plist; sourceTree = "<group>"; };
		242B38E629C2F43300ED3736 /* CoinManager.swift */ = {isa = PBXFileReference; lastKnownFileType = sourcecode.swift; path = CoinManager.swift; sourceTree = "<group>"; };
		242B38E829C2F4D700ED3736 /* CoinView.swift */ = {isa = PBXFileReference; lastKnownFileType = sourcecode.swift; path = CoinView.swift; sourceTree = "<group>"; };
		242B38EB29C2FFC600ED3736 /* UIStackView + Extensions.swift */ = {isa = PBXFileReference; lastKnownFileType = sourcecode.swift; path = "UIStackView + Extensions.swift"; sourceTree = "<group>"; };
/* End PBXFileReference section */

/* Begin PBXFrameworksBuildPhase section */
		242B38C729C2F1A600ED3736 /* Frameworks */ = {
			isa = PBXFrameworksBuildPhase;
			buildActionMask = 2147483647;
			files = (
			);
			runOnlyForDeploymentPostprocessing = 0;
		};
/* End PBXFrameworksBuildPhase section */

/* Begin PBXGroup section */
		242B38C129C2F1A600ED3736 = {
			isa = PBXGroup;
			children = (
				242B38CC29C2F1A600ED3736 /* CryptoConvector */,
				242B38CB29C2F1A600ED3736 /* Products */,
			);
			sourceTree = "<group>";
		};
		242B38CB29C2F1A600ED3736 /* Products */ = {
			isa = PBXGroup;
			children = (
				242B38CA29C2F1A600ED3736 /* CryptoConvector.app */,
			);
			name = Products;
			sourceTree = "<group>";
		};
		242B38CC29C2F1A600ED3736 /* CryptoConvector */ = {
			isa = PBXGroup;
			children = (
				242B38E129C2F1F800ED3736 /* Application */,
				242B38E329C2F3FB00ED3736 /* Model */,
				242B38E429C2F40400ED3736 /* View */,
				242B38E529C2F40C00ED3736 /* Controller */,
				242B38EA29C2FFA200ED3736 /* Extensions */,
				242B38E229C2F23800ED3736 /* Resources */,
			);
			path = CryptoConvector;
			sourceTree = "<group>";
		};
		242B38E129C2F1F800ED3736 /* Application */ = {
			isa = PBXGroup;
			children = (
				242B38CD29C2F1A600ED3736 /* AppDelegate.swift */,
				242B38CF29C2F1A600ED3736 /* SceneDelegate.swift */,
			);
			path = Application;
			sourceTree = "<group>";
		};
		242B38E229C2F23800ED3736 /* Resources */ = {
			isa = PBXGroup;
			children = (
				242B38D629C2F1A700ED3736 /* Assets.xcassets */,
				242B38D829C2F1A700ED3736 /* LaunchScreen.storyboard */,
				242B38DB29C2F1A700ED3736 /* Info.plist */,
			);
			path = Resources;
			sourceTree = "<group>";
		};
		242B38E329C2F3FB00ED3736 /* Model */ = {
			isa = PBXGroup;
			children = (
				242B38E629C2F43300ED3736 /* CoinManager.swift */,
			);
			path = Model;
			sourceTree = "<group>";
		};
		242B38E429C2F40400ED3736 /* View */ = {
			isa = PBXGroup;
			children = (
				242B38E829C2F4D700ED3736 /* CoinView.swift */,
			);
			path = View;
			sourceTree = "<group>";
		};
		242B38E529C2F40C00ED3736 /* Controller */ = {
			isa = PBXGroup;
			children = (
				242B38D129C2F1A600ED3736 /* MainViewController.swift */,
			);
			path = Controller;
			sourceTree = "<group>";
		};
		242B38EA29C2FFA200ED3736 /* Extensions */ = {
			isa = PBXGroup;
			children = (
				242B38EB29C2FFC600ED3736 /* UIStackView + Extensions.swift */,
			);
			path = Extensions;
			sourceTree = "<group>";
		};
/* End PBXGroup section */

/* Begin PBXNativeTarget section */
		242B38C929C2F1A600ED3736 /* CryptoConvector */ = {
			isa = PBXNativeTarget;
			buildConfigurationList = 242B38DE29C2F1A700ED3736 /* Build configuration list for PBXNativeTarget "CryptoConvector" */;
			buildPhases = (
				242B38C629C2F1A600ED3736 /* Sources */,
				242B38C729C2F1A600ED3736 /* Frameworks */,
				242B38C829C2F1A600ED3736 /* Resources */,
			);
			buildRules = (
			);
			dependencies = (
			);
			name = CryptoConvector;
			productName = CryptoConvector;
			productReference = 242B38CA29C2F1A600ED3736 /* CryptoConvector.app */;
			productType = "com.apple.product-type.application";
		};
/* End PBXNativeTarget section */

/* Begin PBXProject section */
		242B38C229C2F1A600ED3736 /* Project object */ = {
			isa = PBXProject;
			attributes = {
				BuildIndependentTargetsInParallel = 1;
				LastSwiftUpdateCheck = 1420;
				LastUpgradeCheck = 1420;
				TargetAttributes = {
					242B38C929C2F1A600ED3736 = {
						CreatedOnToolsVersion = 14.2;
					};
				};
			};
			buildConfigurationList = 242B38C529C2F1A600ED3736 /* Build configuration list for PBXProject "CryptoConvector" */;
			compatibilityVersion = "Xcode 14.0";
			developmentRegion = en;
			hasScannedForEncodings = 0;
			knownRegions = (
				en,
				Base,
			);
			mainGroup = 242B38C129C2F1A600ED3736;
			productRefGroup = 242B38CB29C2F1A600ED3736 /* Products */;
			projectDirPath = "";
			projectRoot = "";
			targets = (
				242B38C929C2F1A600ED3736 /* CryptoConvector */,
			);
		};
/* End PBXProject section */

/* Begin PBXResourcesBuildPhase section */
		242B38C829C2F1A600ED3736 /* Resources */ = {
			isa = PBXResourcesBuildPhase;
			buildActionMask = 2147483647;
			files = (
				242B38DA29C2F1A700ED3736 /* LaunchScreen.storyboard in Resources */,
				242B38D729C2F1A700ED3736 /* Assets.xcassets in Resources */,
			);
			runOnlyForDeploymentPostprocessing = 0;
		};
/* End PBXResourcesBuildPhase section */

/* Begin PBXSourcesBuildPhase section */
		242B38C629C2F1A600ED3736 /* Sources */ = {
			isa = PBXSourcesBuildPhase;
			buildActionMask = 2147483647;
			files = (
				242B38E929C2F4D700ED3736 /* CoinView.swift in Sources */,
				242B38EC29C2FFC600ED3736 /* UIStackView + Extensions.swift in Sources */,
				242B38E729C2F43300ED3736 /* CoinManager.swift in Sources */,
				242B38D229C2F1A600ED3736 /* MainViewController.swift in Sources */,
				242B38CE29C2F1A600ED3736 /* AppDelegate.swift in Sources */,
				242B38D029C2F1A600ED3736 /* SceneDelegate.swift in Sources */,
			);
			runOnlyForDeploymentPostprocessing = 0;
		};
/* End PBXSourcesBuildPhase section */

/* Begin PBXVariantGroup section */
		242B38D829C2F1A700ED3736 /* LaunchScreen.storyboard */ = {
			isa = PBXVariantGroup;
			children = (
				242B38D929C2F1A700ED3736 /* Base */,
			);
			name = LaunchScreen.storyboard;
			sourceTree = "<group>";
		};
/* End PBXVariantGroup section */

/* Begin XCBuildConfiguration section */
		242B38DC29C2F1A700ED3736 /* Debug */ = {
			isa = XCBuildConfiguration;
			buildSettings = {
				ALWAYS_SEARCH_USER_PATHS = NO;
				CLANG_ANALYZER_NONNULL = YES;
				CLANG_ANALYZER_NUMBER_OBJECT_CONVERSION = YES_AGGRESSIVE;
				CLANG_CXX_LANGUAGE_STANDARD = "gnu++20";
				CLANG_ENABLE_MODULES = YES;
				CLANG_ENABLE_OBJC_ARC = YES;
				CLANG_ENABLE_OBJC_WEAK = YES;
				CLANG_WARN_BLOCK_CAPTURE_AUTORELEASING = YES;
				CLANG_WARN_BOOL_CONVERSION = YES;
				CLANG_WARN_COMMA = YES;
				CLANG_WARN_CONSTANT_CONVERSION = YES;
				CLANG_WARN_DEPRECATED_OBJC_IMPLEMENTATIONS = YES;
				CLANG_WARN_DIRECT_OBJC_ISA_USAGE = YES_ERROR;
				CLANG_WARN_DOCUMENTATION_COMMENTS = YES;
				CLANG_WARN_EMPTY_BODY = YES;
				CLANG_WARN_ENUM_CONVERSION = YES;
				CLANG_WARN_INFINITE_RECURSION = YES;
				CLANG_WARN_INT_CONVERSION = YES;
				CLANG_WARN_NON_LITERAL_NULL_CONVERSION = YES;
				CLANG_WARN_OBJC_IMPLICIT_RETAIN_SELF = YES;
				CLANG_WARN_OBJC_LITERAL_CONVERSION = YES;
				CLANG_WARN_OBJC_ROOT_CLASS = YES_ERROR;
				CLANG_WARN_QUOTED_INCLUDE_IN_FRAMEWORK_HEADER = YES;
				CLANG_WARN_RANGE_LOOP_ANALYSIS = YES;
				CLANG_WARN_STRICT_PROTOTYPES = YES;
				CLANG_WARN_SUSPICIOUS_MOVE = YES;
				CLANG_WARN_UNGUARDED_AVAILABILITY = YES_AGGRESSIVE;
				CLANG_WARN_UNREACHABLE_CODE = YES;
				CLANG_WARN__DUPLICATE_METHOD_MATCH = YES;
				COPY_PHASE_STRIP = NO;
				DEBUG_INFORMATION_FORMAT = dwarf;
				ENABLE_STRICT_OBJC_MSGSEND = YES;
				ENABLE_TESTABILITY = YES;
				GCC_C_LANGUAGE_STANDARD = gnu11;
				GCC_DYNAMIC_NO_PIC = NO;
				GCC_NO_COMMON_BLOCKS = YES;
				GCC_OPTIMIZATION_LEVEL = 0;
				GCC_PREPROCESSOR_DEFINITIONS = (
					"DEBUG=1",
					"$(inherited)",
				);
				GCC_WARN_64_TO_32_BIT_CONVERSION = YES;
				GCC_WARN_ABOUT_RETURN_TYPE = YES_ERROR;
				GCC_WARN_UNDECLARED_SELECTOR = YES;
				GCC_WARN_UNINITIALIZED_AUTOS = YES_AGGRESSIVE;
				GCC_WARN_UNUSED_FUNCTION = YES;
				GCC_WARN_UNUSED_VARIABLE = YES;
				IPHONEOS_DEPLOYMENT_TARGET = 16.2;
				MTL_ENABLE_DEBUG_INFO = INCLUDE_SOURCE;
				MTL_FAST_MATH = YES;
				ONLY_ACTIVE_ARCH = YES;
				SDKROOT = iphoneos;
				SWIFT_ACTIVE_COMPILATION_CONDITIONS = DEBUG;
				SWIFT_OPTIMIZATION_LEVEL = "-Onone";
			};
			name = Debug;
		};
		242B38DD29C2F1A700ED3736 /* Release */ = {
			isa = XCBuildConfiguration;
			buildSettings = {
				ALWAYS_SEARCH_USER_PATHS = NO;
				CLANG_ANALYZER_NONNULL = YES;
				CLANG_ANALYZER_NUMBER_OBJECT_CONVERSION = YES_AGGRESSIVE;
				CLANG_CXX_LANGUAGE_STANDARD = "gnu++20";
				CLANG_ENABLE_MODULES = YES;
				CLANG_ENABLE_OBJC_ARC = YES;
				CLANG_ENABLE_OBJC_WEAK = YES;
				CLANG_WARN_BLOCK_CAPTURE_AUTORELEASING = YES;
				CLANG_WARN_BOOL_CONVERSION = YES;
				CLANG_WARN_COMMA = YES;
				CLANG_WARN_CONSTANT_CONVERSION = YES;
				CLANG_WARN_DEPRECATED_OBJC_IMPLEMENTATIONS = YES;
				CLANG_WARN_DIRECT_OBJC_ISA_USAGE = YES_ERROR;
				CLANG_WARN_DOCUMENTATION_COMMENTS = YES;
				CLANG_WARN_EMPTY_BODY = YES;
				CLANG_WARN_ENUM_CONVERSION = YES;
				CLANG_WARN_INFINITE_RECURSION = YES;
				CLANG_WARN_INT_CONVERSION = YES;
				CLANG_WARN_NON_LITERAL_NULL_CONVERSION = YES;
				CLANG_WARN_OBJC_IMPLICIT_RETAIN_SELF = YES;
				CLANG_WARN_OBJC_LITERAL_CONVERSION = YES;
				CLANG_WARN_OBJC_ROOT_CLASS = YES_ERROR;
				CLANG_WARN_QUOTED_INCLUDE_IN_FRAMEWORK_HEADER = YES;
				CLANG_WARN_RANGE_LOOP_ANALYSIS = YES;
				CLANG_WARN_STRICT_PROTOTYPES = YES;
				CLANG_WARN_SUSPICIOUS_MOVE = YES;
				CLANG_WARN_UNGUARDED_AVAILABILITY = YES_AGGRESSIVE;
				CLANG_WARN_UNREACHABLE_CODE = YES;
				CLANG_WARN__DUPLICATE_METHOD_MATCH = YES;
				COPY_PHASE_STRIP = NO;
				DEBUG_INFORMATION_FORMAT = "dwarf-with-dsym";
				ENABLE_NS_ASSERTIONS = NO;
				ENABLE_STRICT_OBJC_MSGSEND = YES;
				GCC_C_LANGUAGE_STANDARD = gnu11;
				GCC_NO_COMMON_BLOCKS = YES;
				GCC_WARN_64_TO_32_BIT_CONVERSION = YES;
				GCC_WARN_ABOUT_RETURN_TYPE = YES_ERROR;
				GCC_WARN_UNDECLARED_SELECTOR = YES;
				GCC_WARN_UNINITIALIZED_AUTOS = YES_AGGRESSIVE;
				GCC_WARN_UNUSED_FUNCTION = YES;
				GCC_WARN_UNUSED_VARIABLE = YES;
				IPHONEOS_DEPLOYMENT_TARGET = 16.2;
				MTL_ENABLE_DEBUG_INFO = NO;
				MTL_FAST_MATH = YES;
				SDKROOT = iphoneos;
				SWIFT_COMPILATION_MODE = wholemodule;
				SWIFT_OPTIMIZATION_LEVEL = "-O";
				VALIDATE_PRODUCT = YES;
			};
			name = Release;
		};
		242B38DF29C2F1A700ED3736 /* Debug */ = {
			isa = XCBuildConfiguration;
			buildSettings = {
				ASSETCATALOG_COMPILER_APPICON_NAME = AppIcon;
				ASSETCATALOG_COMPILER_GLOBAL_ACCENT_COLOR_NAME = AccentColor;
				CODE_SIGN_STYLE = Automatic;
				CURRENT_PROJECT_VERSION = 1;
				DEVELOPMENT_TEAM = UJRW24XH5L;
				GENERATE_INFOPLIST_FILE = YES;
				INFOPLIST_FILE = CryptoConvector/Resources/Info.plist;
				INFOPLIST_KEY_UIApplicationSupportsIndirectInputEvents = YES;
				INFOPLIST_KEY_UILaunchStoryboardName = LaunchScreen;
				INFOPLIST_KEY_UISupportedInterfaceOrientations_iPad = "UIInterfaceOrientationPortrait UIInterfaceOrientationPortraitUpsideDown UIInterfaceOrientationLandscapeLeft UIInterfaceOrientationLandscapeRight";
				INFOPLIST_KEY_UISupportedInterfaceOrientations_iPhone = "UIInterfaceOrientationPortrait UIInterfaceOrientationLandscapeLeft UIInterfaceOrientationLandscapeRight";
				LD_RUNPATH_SEARCH_PATHS = (
					"$(inherited)",
					"@executable_path/Frameworks",
				);
				MARKETING_VERSION = 1.0;
				PRODUCT_BUNDLE_IDENTIFIER = com.kodder.CryptoConvector;
				PRODUCT_NAME = "$(TARGET_NAME)";
				SUPPORTED_PLATFORMS = "iphoneos iphonesimulator";
				SUPPORTS_MACCATALYST = NO;
				SUPPORTS_MAC_DESIGNED_FOR_IPHONE_IPAD = NO;
				SWIFT_EMIT_LOC_STRINGS = YES;
				SWIFT_VERSION = 5.0;
				TARGETED_DEVICE_FAMILY = 1;
			};
			name = Debug;
		};
		242B38E029C2F1A700ED3736 /* Release */ = {
			isa = XCBuildConfiguration;
			buildSettings = {
				ASSETCATALOG_COMPILER_APPICON_NAME = AppIcon;
				ASSETCATALOG_COMPILER_GLOBAL_ACCENT_COLOR_NAME = AccentColor;
				CODE_SIGN_STYLE = Automatic;
				CURRENT_PROJECT_VERSION = 1;
				DEVELOPMENT_TEAM = UJRW24XH5L;
				GENERATE_INFOPLIST_FILE = YES;
				INFOPLIST_FILE = CryptoConvector/Resources/Info.plist;
				INFOPLIST_KEY_UIApplicationSupportsIndirectInputEvents = YES;
				INFOPLIST_KEY_UILaunchStoryboardName = LaunchScreen;
				INFOPLIST_KEY_UISupportedInterfaceOrientations_iPad = "UIInterfaceOrientationPortrait UIInterfaceOrientationPortraitUpsideDown UIInterfaceOrientationLandscapeLeft UIInterfaceOrientationLandscapeRight";
				INFOPLIST_KEY_UISupportedInterfaceOrientations_iPhone = "UIInterfaceOrientationPortrait UIInterfaceOrientationLandscapeLeft UIInterfaceOrientationLandscapeRight";
				LD_RUNPATH_SEARCH_PATHS = (
					"$(inherited)",
					"@executable_path/Frameworks",
				);
				MARKETING_VERSION = 1.0;
				PRODUCT_BUNDLE_IDENTIFIER = com.kodder.CryptoConvector;
				PRODUCT_NAME = "$(TARGET_NAME)";
				SUPPORTED_PLATFORMS = "iphoneos iphonesimulator";
				SUPPORTS_MACCATALYST = NO;
				SUPPORTS_MAC_DESIGNED_FOR_IPHONE_IPAD = NO;
				SWIFT_EMIT_LOC_STRINGS = YES;
				SWIFT_VERSION = 5.0;
				TARGETED_DEVICE_FAMILY = 1;
			};
			name = Release;
		};
/* End XCBuildConfiguration section */

/* Begin XCConfigurationList section */
		242B38C529C2F1A600ED3736 /* Build configuration list for PBXProject "CryptoConvector" */ = {
			isa = XCConfigurationList;
			buildConfigurations = (
				242B38DC29C2F1A700ED3736 /* Debug */,
				242B38DD29C2F1A700ED3736 /* Release */,
			);
			defaultConfigurationIsVisible = 0;
			defaultConfigurationName = Release;
		};
		242B38DE29C2F1A700ED3736 /* Build configuration list for PBXNativeTarget "CryptoConvector" */ = {
			isa = XCConfigurationList;
			buildConfigurations = (
				242B38DF29C2F1A700ED3736 /* Debug */,
				242B38E029C2F1A700ED3736 /* Release */,
			);
			defaultConfigurationIsVisible = 0;
			defaultConfigurationName = Release;
		};
/* End XCConfigurationList section */
	};
	rootObject = 242B38C229C2F1A600ED3736 /* Project object */;
}
